
Microsoft Visual Studio Solution File, Format Version 12.00
# Visual Studio Version 17
VisualStudioVersion = 17.5.33516.290
MinimumVisualStudioVersion = 10.0.40219.1
Project("{FAE04EC0-301F-11D3-BF4B-00C04F79EFBC}") = "ToDoListApi", "ToDoListApi\ToDoListApi.csproj", "{FB692F44-E566-44B6-A066-7A677CF71387}"
EndProject
Global
	GlobalSection(SolutionConfigurationPlatforms) = preSolution
		Debug|Any CPU = Debug|Any CPU
		Release|Any CPU = Release|Any CPU
	EndGlobalSection
	GlobalSection(ProjectConfigurationPlatforms) = postSolution
		{FB692F44-E566-44B6-A066-7A677CF71387}.Debug|Any CPU.ActiveCfg = Debug|Any CPU
		{FB692F44-E566-44B6-A066-7A677CF71387}.Debug|Any CPU.Build.0 = Debug|Any CPU
		{FB692F44-E566-44B6-A066-7A677CF71387}.Release|Any CPU.ActiveCfg = Release|Any CPU
		{FB692F44-E566-44B6-A066-7A677CF71387}.Release|Any CPU.Build.0 = Release|Any CPU
	EndGlobalSection
	GlobalSection(SolutionProperties) = preSolution
		HideSolutionNode = FALSE
	EndGlobalSection
	GlobalSection(ExtensibilityGlobals) = postSolution
		SolutionGuid = {5088A6C8-914A-4ED6-9F7F-DB7F62671F32}
	EndGlobalSection
EndGlobal
